
Microsoft Visual Studio Solution File, Format Version 12.00
# Visual Studio Version 16
VisualStudioVersion = 16.0.30413.136
MinimumVisualStudioVersion = 10.0.40219.1
Project("{FAE04EC0-301F-11D3-BF4B-00C04F79EFBC}") = "Presentacion", "Presentacion\Presentacion.csproj", "{D9FFB117-CAB1-43E8-9FAA-F327DA583D4E}"
EndProject
Project("{FAE04EC0-301F-11D3-BF4B-00C04F79EFBC}") = "Logica", "Logica\Logica.csproj", "{9E0CDD85-19B6-404E-93A4-A594841CB815}"
EndProject
Project("{FAE04EC0-301F-11D3-BF4B-00C04F79EFBC}") = "Datos", "Datos\Datos.csproj", "{CE0A3AE3-E54C-43E0-A474-08F6D92FEE1A}"
EndProject
Global
	GlobalSection(SolutionConfigurationPlatforms) = preSolution
		Debug|Any CPU = Debug|Any CPU
		Release|Any CPU = Release|Any CPU
	EndGlobalSection
	GlobalSection(ProjectConfigurationPlatforms) = postSolution
		{D9FFB117-CAB1-43E8-9FAA-F327DA583D4E}.Debug|Any CPU.ActiveCfg = Debug|Any CPU
		{D9FFB117-CAB1-43E8-9FAA-F327DA583D4E}.Debug|Any CPU.Build.0 = Debug|Any CPU
		{D9FFB117-CAB1-43E8-9FAA-F327DA583D4E}.Release|Any CPU.ActiveCfg = Release|Any CPU
		{D9FFB117-CAB1-43E8-9FAA-F327DA583D4E}.Release|Any CPU.Build.0 = Release|Any CPU
		{9E0CDD85-19B6-404E-93A4-A594841CB815}.Debug|Any CPU.ActiveCfg = Debug|Any CPU
		{9E0CDD85-19B6-404E-93A4-A594841CB815}.Debug|Any CPU.Build.0 = Debug|Any CPU
		{9E0CDD85-19B6-404E-93A4-A594841CB815}.Release|Any CPU.ActiveCfg = Release|Any CPU
		{9E0CDD85-19B6-404E-93A4-A594841CB815}.Release|Any CPU.Build.0 = Release|Any CPU
		{CE0A3AE3-E54C-43E0-A474-08F6D92FEE1A}.Debug|Any CPU.ActiveCfg = Debug|Any CPU
		{CE0A3AE3-E54C-43E0-A474-08F6D92FEE1A}.Debug|Any CPU.Build.0 = Debug|Any CPU
		{CE0A3AE3-E54C-43E0-A474-08F6D92FEE1A}.Release|Any CPU.ActiveCfg = Release|Any CPU
		{CE0A3AE3-E54C-43E0-A474-08F6D92FEE1A}.Release|Any CPU.Build.0 = Release|Any CPU
	EndGlobalSection
	GlobalSection(SolutionProperties) = preSolution
		HideSolutionNode = FALSE
	EndGlobalSection
	GlobalSection(ExtensibilityGlobals) = postSolution
		SolutionGuid = {5AC67F41-6E4F-4573-98BA-3E925E9F9644}
	EndGlobalSection
EndGlobal
